{
    "_readme": [
        "This file locks the dependencies of your project to a known state",
        "Read more about it at https://getcomposer.org/doc/01-basic-usage.md#installing-dependencies",
        "This file is @generated automatically"
    ],
    "content-hash": "3641526b2e55c0e7aa7e3cf4215f1539",
    "packages": [
        {
            "name": "ghasedak/php",
            "version": "V1.2.2",
            "source": {
                "type": "git",
                "url": "https://github.com/ghasedakapi/ghasedak-php.git",
                "reference": "bb905700bb52b01a49dd8a35f0ab0d318d862900"
            },
            "dist": {
                "type": "zip",
                "url": "https://api.github.com/repos/ghasedakapi/ghasedak-php/zipball/bb905700bb52b01a49dd8a35f0ab0d318d862900",
                "reference": "bb905700bb52b01a49dd8a35f0ab0d318d862900",
                "shasum": ""
            },
            "require": {
                "php": ">=5.6.0"
            },
            "type": "library",
            "autoload": {
                "psr-4": {
                    "Ghasedak\\": "src/"
                }
            },
            "notification-url": "https://packagist.org/downloads/",
            "license": [
                "MIT"
            ],
            "authors": [
                {
                    "name": "Abbas Hosseinpour",
                    "email": "abdolzahra512@gmail.com"
                },
                {
                    "name": "Omid Mehri",
                    "email": "thehopeofiran@gmail.com"
                }
            ],
            "description": "ghasedak sms gateway package for PHP",
            "homepage": "https://github.com/ghasedakapi/ghasedak-php",
            "keywords": [
                "Ghasedak",
                "api",
                "notification",
                "sms",
                "sms-gateway"
            ],
            "support": {
                "issues": "https://github.com/ghasedakapi/ghasedak-php/issues",
                "source": "https://github.com/ghasedakapi/ghasedak-php/tree/V1.2.2"
            },
            "time": "2022-08-27T07:13:26+00:00"
        }
    ],
    "packages-dev": [],
    "aliases": [],
    "minimum-stability": "dev",
    "stability-flags": [],
    "prefer-stable": true,
    "prefer-lowest": false,
    "platform": [],
    "platform-dev": [],
    "plugin-api-version": "2.1.0"
}
