{
    "_readme": [
        "This file locks the dependencies of your project to a known state",
        "Read more about it at https://getcomposer.org/doc/01-basic-usage.md#installing-dependencies",
        "This file is @generated automatically"
    ],
    "content-hash": "594fb5f660533665ac6f20ae3a785b67",
    "packages": [
        {
            "name": "ghasedak/php",
            "version": "V2.1.1",
            "source": {
                "type": "git",
                "url": "https://github.com/ghasedakapi/ghasedak-php.git",
                "reference": "67e289c8b66331eb268b1285ca043fceb4f2bf70"
            },
            "dist": {
                "type": "zip",
                "url": "https://api.github.com/repos/ghasedakapi/ghasedak-php/zipball/67e289c8b66331eb268b1285ca043fceb4f2bf70",
                "reference": "67e289c8b66331eb268b1285ca043fceb4f2bf70",
                "shasum": ""
            },
            "require": {
                "php": ">=5.6.0"
            },
            "type": "library",
            "autoload": {
                "psr-4": {
                    "Ghasedak\\": "src/"
                }
            },
            "notification-url": "https://packagist.org/downloads/",
            "license": [
                "MIT"
            ],
            "authors": [
                {
                    "name": "Abbas Hosseinpour",
                    "email": "abdolzahra512@gmail.com"
                },
                {
                    "name": "Omid Mehri",
                    "email": "thehopeofiran@gmail.com"
                }
            ],
            "description": "ghasedak sms gateway package for PHP",
            "homepage": "https://github.com/ghasedakapi/ghasedak-php",
            "keywords": [
                "Ghasedak",
                "api",
                "notification",
                "sms",
                "sms-gateway"
            ],
            "support": {
                "issues": "https://github.com/ghasedakapi/ghasedak-php/issues",
                "source": "https://github.com/ghasedakapi/ghasedak-php/tree/V2.1.1"
            },
            "time": "2022-09-11T13:33:17+00:00"
        }
    ],
    "packages-dev": [],
    "aliases": [],
    "minimum-stability": "dev",
    "stability-flags": [],
    "prefer-stable": true,
    "prefer-lowest": false,
    "platform": [],
    "platform-dev": [],
    "plugin-api-version": "2.1.0"
}
